
Microsoft Visual Studio Solution File, Format Version 12.00
# Visual Studio 14
VisualStudioVersion = 14.0.25123.0
MinimumVisualStudioVersion = 10.0.40219.1
Project("{FAE04EC0-301F-11D3-BF4B-00C04F79EFBC}") = "uig.Tests", "uig.Tests\uig.Tests.csproj", "{3D157F6E-23AD-453A-867B-A16899290EA8}"
EndProject
Project("{FAE04EC0-301F-11D3-BF4B-00C04F79EFBC}") = "uig.lib", "uig.lib\uig.lib.csproj", "{115EEA30-17C3-4C7D-B245-1E9CE66F6FC2}"
EndProject
Global
	GlobalSection(SolutionConfigurationPlatforms) = preSolution
		Debug|Any CPU = Debug|Any CPU
		Release|Any CPU = Release|Any CPU
	EndGlobalSection
	GlobalSection(ProjectConfigurationPlatforms) = postSolution
		{3D157F6E-23AD-453A-867B-A16899290EA8}.Debug|Any CPU.ActiveCfg = Debug|Any CPU
		{3D157F6E-23AD-453A-867B-A16899290EA8}.Debug|Any CPU.Build.0 = Debug|Any CPU
		{3D157F6E-23AD-453A-867B-A16899290EA8}.Release|Any CPU.ActiveCfg = Release|Any CPU
		{3D157F6E-23AD-453A-867B-A16899290EA8}.Release|Any CPU.Build.0 = Release|Any CPU
		{115EEA30-17C3-4C7D-B245-1E9CE66F6FC2}.Debug|Any CPU.ActiveCfg = Debug|Any CPU
		{115EEA30-17C3-4C7D-B245-1E9CE66F6FC2}.Debug|Any CPU.Build.0 = Debug|Any CPU
		{115EEA30-17C3-4C7D-B245-1E9CE66F6FC2}.Release|Any CPU.ActiveCfg = Release|Any CPU
		{115EEA30-17C3-4C7D-B245-1E9CE66F6FC2}.Release|Any CPU.Build.0 = Release|Any CPU
	EndGlobalSection
	GlobalSection(SolutionProperties) = preSolution
		HideSolutionNode = FALSE
	EndGlobalSection
EndGlobal
